// !$*UTF8*$!
{
	archiveVersion = 1;
	classes = {
	};
	objectVersion = 56;
	objects = {

/* Begin PBXBuildFile section */
		526AA3A72FF3C17700C0ABCF /* ExpenseTrackerApp.swift in Sources */ = {isa = PBXBuildFile; fileRef = 526AA3A62FF3C17700C0ABCF /* ExpenseTrackerApp.swift */; };
		526AA3A92FF3C17700C0ABCF /* ContentView.swift in Sources */ = {isa = PBXBuildFile; fileRef = 526AA3A82FF3C17700C0ABCF /* ContentView.swift */; };
		526AA3AB2FF3C17A00C0ABCF /* Assets.xcassets in Resources */ = {isa = PBXBuildFile; fileRef = 526AA3AA2FF3C17A00C0ABCF /* Assets.xcassets */; };
		526AA3AE2FF3C17A00C0ABCF /* Preview Assets.xcassets in Resources */ = {isa = PBXBuildFile; fileRef = 526AA3AD2FF3C17A00C0ABCF /* Preview Assets.xcassets */; };
		526AA3B82FF3C17B00C0ABCF /* ExpenseTrackerTests.swift in Sources */ = {isa = PBXBuildFile; fileRef = 526AA3B72FF3C17B00C0ABCF /* ExpenseTrackerTests.swift */; };
		526AA3C22FF3C17B00C0ABCF /* ExpenseTrackerUITests.swift in Sources */ = {isa = PBXBuildFile; fileRef = 526AA3C12FF3C17B00C0ABCF /* ExpenseTrackerUITests.swift */; };
		526AA3C42FF3C17B00C0ABCF /* ExpenseTrackerUITestsLaunchTests.swift in Sources */ = {isa = PBXBuildFile; fileRef = 526AA3C32FF3C17B00C0ABCF /* ExpenseTrackerUITestsLaunchTests.swift */; };
		526AA3D12FF3C37C00C0ABCF /* ExpenseModel.swift in Sources */ = {isa = PBXBuildFile; fileRef = 526AA3D02FF3C37C00C0ABCF /* ExpenseModel.swift */; };
/* End PBXBuildFile section */

/* Begin PBXContainerItemProxy section */
		526AA3B42FF3C17B00C0ABCF /* PBXContainerItemProxy */ = {
			isa = PBXContainerItemProxy;
			containerPortal = 526AA39B2FF3C17700C0ABCF /* Project object */;
			proxyType = 1;
			remoteGlobalIDString = 526AA3A22FF3C17700C0ABCF;
			remoteInfo = ExpenseTracker;
		};
		526AA3BE2FF3C17B00C0ABCF /* PBXContainerItemProxy */ = {
			isa = PBXContainerItemProxy;
			containerPortal = 526AA39B2FF3C17700C0ABCF /* Project object */;
			proxyType = 1;
			remoteGlobalIDString = 526AA3A22FF3C17700C0ABCF;
			remoteInfo = ExpenseTracker;
		};
/* End PBXContainerItemProxy section */

/* Begin PBXFileReference section */
		526AA3A32FF3C17700C0ABCF /* ExpenseTracker.app */ = {isa = PBXFileReference; explicitFileType = wrapper.application; includeInIndex = 0; path = ExpenseTracker.app; sourceTree = BUILT_PRODUCTS_DIR; };
		526AA3A62FF3C17700C0ABCF /* ExpenseTrackerApp.swift */ = {isa = PBXFileReference; lastKnownFileType = sourcecode.swift; path = ExpenseTrackerApp.swift; sourceTree = "<group>"; };
		526AA3A82FF3C17700C0ABCF /* ContentView.swift */ = {isa = PBXFileReference; lastKnownFileType = sourcecode.swift; path = ContentView.swift; sourceTree = "<group>"; };
		526AA3AA2FF3C17A00C0ABCF /* Assets.xcassets */ = {isa = PBXFileReference; lastKnownFileType = folder.assetcatalog; path = Assets.xcassets; sourceTree = "<group>"; };
		526AA3AD2FF3C17A00C0ABCF /* Preview Assets.xcassets */ = {isa = PBXFileReference; lastKnownFileType = folder.assetcatalog; path = "Preview Assets.xcassets"; sourceTree = "<group>"; };
		526AA3B32FF3C17B00C0ABCF /* ExpenseTrackerTests.xctest */ = {isa = PBXFileReference; explicitFileType = wrapper.cfbundle; includeInIndex = 0; path = ExpenseTrackerTests.xctest; sourceTree = BUILT_PRODUCTS_DIR; };
		526AA3B72FF3C17B00C0ABCF /* ExpenseTrackerTests.swift */ = {isa = PBXFileReference; lastKnownFileType = sourcecode.swift; path = ExpenseTrackerTests.swift; sourceTree = "<group>"; };
		526AA3BD2FF3C17B00C0ABCF /* ExpenseTrackerUITests.xctest */ = {isa = PBXFileReference; explicitFileType = wrapper.cfbundle; includeInIndex = 0; path = ExpenseTrackerUITests.xctest; sourceTree = BUILT_PRODUCTS_DIR; };
		526AA3C12FF3C17B00C0ABCF /* ExpenseTrackerUITests.swift */ = {isa = PBXFileReference; lastKnownFileType = sourcecode.swift; path = ExpenseTrackerUITests.swift; sourceTree = "<group>"; };
		526AA3C32FF3C17B00C0ABCF /* ExpenseTrackerUITestsLaunchTests.swift */ = {isa = PBXFileReference; lastKnownFileType = sourcecode.swift; path = ExpenseTrackerUITestsLaunchTests.swift; sourceTree = "<group>"; };
		526AA3D02FF3C37C00C0ABCF /* ExpenseModel.swift */ = {isa = PBXFileReference; lastKnownFileType = sourcecode.swift; path = ExpenseModel.swift; sourceTree = "<group>"; };
/* End PBXFileReference section */

/* Begin PBXFrameworksBuildPhase section */
		526AA3A02FF3C17700C0ABCF /* Frameworks */ = {
			isa = PBXFrameworksBuildPhase;
			buildActionMask = 2147483647;
			files = (
			);
			runOnlyForDeploymentPostprocessing = 0;
		};
		526AA3B02FF3C17B00C0ABCF /* Frameworks */ = {
			isa = PBXFrameworksBuildPhase;
			buildActionMask = 2147483647;
			files = (
			);
			runOnlyForDeploymentPostprocessing = 0;
		};
		526AA3BA2FF3C17B00C0ABCF /* Frameworks */ = {
			isa = PBXFrameworksBuildPhase;
			buildActionMask = 2147483647;
			files = (
			);
			runOnlyForDeploymentPostprocessing = 0;
		};
/* End PBXFrameworksBuildPhase section */

/* Begin PBXGroup section */
		526AA39A2FF3C17700C0ABCF = {
			isa = PBXGroup;
			children = (
				526AA3D02FF3C37C00C0ABCF /* ExpenseModel.swift */,
				526AA3A52FF3C17700C0ABCF /* ExpenseTracker */,
				526AA3B62FF3C17B00C0ABCF /* ExpenseTrackerTests */,
				526AA3C02FF3C17B00C0ABCF /* ExpenseTrackerUITests */,
				526AA3A42FF3C17700C0ABCF /* Products */,
			);
			sourceTree = "<group>";
		};
		526AA3A42FF3C17700C0ABCF /* Products */ = {
			isa = PBXGroup;
			children = (
				526AA3A32FF3C17700C0ABCF /* ExpenseTracker.app */,
				526AA3B32FF3C17B00C0ABCF /* ExpenseTrackerTests.xctest */,
				526AA3BD2FF3C17B00C0ABCF /* ExpenseTrackerUITests.xctest */,
			);
			name = Products;
			sourceTree = "<group>";
		};
		526AA3A52FF3C17700C0ABCF /* ExpenseTracker */ = {
			isa = PBXGroup;
			children = (
				526AA3A62FF3C17700C0ABCF /* ExpenseTrackerApp.swift */,
				526AA3A82FF3C17700C0ABCF /* ContentView.swift */,
				526AA3AA2FF3C17A00C0ABCF /* Assets.xcassets */,
				526AA3AC2FF3C17A00C0ABCF /* Preview Content */,
			);
			path = ExpenseTracker;
			sourceTree = "<group>";
		};
		526AA3AC2FF3C17A00C0ABCF /* Preview Content */ = {
			isa = PBXGroup;
			children = (
				526AA3AD2FF3C17A00C0ABCF /* Preview Assets.xcassets */,
			);
			path = "Preview Content";
			sourceTree = "<group>";
		};
		526AA3B62FF3C17B00C0ABCF /* ExpenseTrackerTests */ = {
			isa = PBXGroup;
			children = (
				526AA3B72FF3C17B00C0ABCF /* ExpenseTrackerTests.swift */,
			);
			path = ExpenseTrackerTests;
			sourceTree = "<group>";
		};
		526AA3C02FF3C17B00C0ABCF /* ExpenseTrackerUITests */ = {
			isa = PBXGroup;
			children = (
				526AA3C12FF3C17B00C0ABCF /* ExpenseTrackerUITests.swift */,
				526AA3C32FF3C17B00C0ABCF /* ExpenseTrackerUITestsLaunchTests.swift */,
			);
			path = ExpenseTrackerUITests;
			sourceTree = "<group>";
		};
/* End PBXGroup section */

/* Begin PBXNativeTarget section */
		526AA3A22FF3C17700C0ABCF /* ExpenseTracker */ = {
			isa = PBXNativeTarget;
			buildConfigurationList = 526AA3C72FF3C17B00C0ABCF /* Build configuration list for PBXNativeTarget "ExpenseTracker" */;
			buildPhases = (
				526AA39F2FF3C17700C0ABCF /* Sources */,
				526AA3A02FF3C17700C0ABCF /* Frameworks */,
				526AA3A12FF3C17700C0ABCF /* Resources */,
			);
			buildRules = (
			);
			dependencies = (
			);
			name = ExpenseTracker;
			productName = ExpenseTracker;
			productReference = 526AA3A32FF3C17700C0ABCF /* ExpenseTracker.app */;
			productType = "com.apple.product-type.application";
		};
		526AA3B22FF3C17B00C0ABCF /* ExpenseTrackerTests */ = {
			isa = PBXNativeTarget;
			buildConfigurationList = 526AA3CA2FF3C17B00C0ABCF /* Build configuration list for PBXNativeTarget "ExpenseTrackerTests" */;
			buildPhases = (
				526AA3AF2FF3C17B00C0ABCF /* Sources */,
				526AA3B02FF3C17B00C0ABCF /* Frameworks */,
				526AA3B12FF3C17B00C0ABCF /* Resources */,
			);
			buildRules = (
			);
			dependencies = (
				526AA3B52FF3C17B00C0ABCF /* PBXTargetDependency */,
			);
			name = ExpenseTrackerTests;
			productName = ExpenseTrackerTests;
			productReference = 526AA3B32FF3C17B00C0ABCF /* ExpenseTrackerTests.xctest */;
			productType = "com.apple.product-type.bundle.unit-test";
		};
		526AA3BC2FF3C17B00C0ABCF /* ExpenseTrackerUITests */ = {
			isa = PBXNativeTarget;
			buildConfigurationList = 526AA3CD2FF3C17B00C0ABCF /* Build configuration list for PBXNativeTarget "ExpenseTrackerUITests" */;
			buildPhases = (
				526AA3B92FF3C17B00C0ABCF /* Sources */,
				526AA3BA2FF3C17B00C0ABCF /* Frameworks */,
				526AA3BB2FF3C17B00C0ABCF /* Resources */,
			);
			buildRules = (
			);
			dependencies = (
				526AA3BF2FF3C17B00C0ABCF /* PBXTargetDependency */,
			);
			name = ExpenseTrackerUITests;
			productName = ExpenseTrackerUITests;
			productReference = 526AA3BD2FF3C17B00C0ABCF /* ExpenseTrackerUITests.xctest */;
			productType = "com.apple.product-type.bundle.ui-testing";
		};
/* End PBXNativeTarget section */

/* Begin PBXProject section */
		526AA39B2FF3C17700C0ABCF /* Project object */ = {
			isa = PBXProject;
			attributes = {
				BuildIndependentTargetsInParallel = 1;
				LastSwiftUpdateCheck = 1520;
				LastUpgradeCheck = 1520;
				TargetAttributes = {
					526AA3A22FF3C17700C0ABCF = {
						CreatedOnToolsVersion = 15.2;
					};
					526AA3B22FF3C17B00C0ABCF = {
						CreatedOnToolsVersion = 15.2;
						TestTargetID = 526AA3A22FF3C17700C0ABCF;
					};
					526AA3BC2FF3C17B00C0ABCF = {
						CreatedOnToolsVersion = 15.2;
						TestTargetID = 526AA3A22FF3C17700C0ABCF;
					};
				};
			};
			buildConfigurationList = 526AA39E2FF3C17700C0ABCF /* Build configuration list for PBXProject "ExpenseTracker" */;
			compatibilityVersion = "Xcode 14.0";
			developmentRegion = en;
			hasScannedForEncodings = 0;
			knownRegions = (
				en,
				Base,
			);
			mainGroup = 526AA39A2FF3C17700C0ABCF;
			productRefGroup = 526AA3A42FF3C17700C0ABCF /* Products */;
			projectDirPath = "";
			projectRoot = "";
			targets = (
				526AA3A22FF3C17700C0ABCF /* ExpenseTracker */,
				526AA3B22FF3C17B00C0ABCF /* ExpenseTrackerTests */,
				526AA3BC2FF3C17B00C0ABCF /* ExpenseTrackerUITests */,
			);
		};
/* End PBXProject section */

/* Begin PBXResourcesBuildPhase section */
		526AA3A12FF3C17700C0ABCF /* Resources */ = {
			isa = PBXResourcesBuildPhase;
			buildActionMask = 2147483647;
			files = (
				526AA3AE2FF3C17A00C0ABCF /* Preview Assets.xcassets in Resources */,
				526AA3AB2FF3C17A00C0ABCF /* Assets.xcassets in Resources */,
			);
			runOnlyForDeploymentPostprocessing = 0;
		};
		526AA3B12FF3C17B00C0ABCF /* Resources */ = {
			isa = PBXResourcesBuildPhase;
			buildActionMask = 2147483647;
			files = (
			);
			runOnlyForDeploymentPostprocessing = 0;
		};
		526AA3BB2FF3C17B00C0ABCF /* Resources */ = {
			isa = PBXResourcesBuildPhase;
			buildActionMask = 2147483647;
			files = (
			);
			runOnlyForDeploymentPostprocessing = 0;
		};
/* End PBXResourcesBuildPhase section */

/* Begin PBXSourcesBuildPhase section */
		526AA39F2FF3C17700C0ABCF /* Sources */ = {
			isa = PBXSourcesBuildPhase;
			buildActionMask = 2147483647;
			files = (
				526AA3D12FF3C37C00C0ABCF /* ExpenseModel.swift in Sources */,
				526AA3A92FF3C17700C0ABCF /* ContentView.swift in Sources */,
				526AA3A72FF3C17700C0ABCF /* ExpenseTrackerApp.swift in Sources */,
			);
			runOnlyForDeploymentPostprocessing = 0;
		};
		526AA3AF2FF3C17B00C0ABCF /* Sources */ = {
			isa = PBXSourcesBuildPhase;
			buildActionMask = 2147483647;
			files = (
				526AA3B82FF3C17B00C0ABCF /* ExpenseTrackerTests.swift in Sources */,
			);
			runOnlyForDeploymentPostprocessing = 0;
		};
		526AA3B92FF3C17B00C0ABCF /* Sources */ = {
			isa = PBXSourcesBuildPhase;
			buildActionMask = 2147483647;
			files = (
				526AA3C42FF3C17B00C0ABCF /* ExpenseTrackerUITestsLaunchTests.swift in Sources */,
				526AA3C22FF3C17B00C0ABCF /* ExpenseTrackerUITests.swift in Sources */,
			);
			runOnlyForDeploymentPostprocessing = 0;
		};
/* End PBXSourcesBuildPhase section */

/* Begin PBXTargetDependency section */
		526AA3B52FF3C17B00C0ABCF /* PBXTargetDependency */ = {
			isa = PBXTargetDependency;
			target = 526AA3A22FF3C17700C0ABCF /* ExpenseTracker */;
			targetProxy = 526AA3B42FF3C17B00C0ABCF /* PBXContainerItemProxy */;
		};
		526AA3BF2FF3C17B00C0ABCF /* PBXTargetDependency */ = {
			isa = PBXTargetDependency;
			target = 526AA3A22FF3C17700C0ABCF /* ExpenseTracker */;
			targetProxy = 526AA3BE2FF3C17B00C0ABCF /* PBXContainerItemProxy */;
		};
/* End PBXTargetDependency section */

/* Begin XCBuildConfiguration section */
		526AA3C52FF3C17B00C0ABCF /* Debug */ = {
			isa = XCBuildConfiguration;
			buildSettings = {
				ALWAYS_SEARCH_USER_PATHS = NO;
				ASSETCATALOG_COMPILER_GENERATE_SWIFT_ASSET_SYMBOL_EXTENSIONS = YES;
				CLANG_ANALYZER_NONNULL = YES;
				CLANG_ANALYZER_NUMBER_OBJECT_CONVERSION = YES_AGGRESSIVE;
				CLANG_CXX_LANGUAGE_STANDARD = "gnu++20";
				CLANG_ENABLE_MODULES = YES;
				CLANG_ENABLE_OBJC_ARC = YES;
				CLANG_ENABLE_OBJC_WEAK = YES;
				CLANG_WARN_BLOCK_CAPTURE_AUTORELEASING = YES;
				CLANG_WARN_BOOL_CONVERSION = YES;
				CLANG_WARN_COMMA = YES;
				CLANG_WARN_CONSTANT_CONVERSION = YES;
				CLANG_WARN_DEPRECATED_OBJC_IMPLEMENTATIONS = YES;
				CLANG_WARN_DIRECT_OBJC_ISA_USAGE = YES_ERROR;
				CLANG_WARN_DOCUMENTATION_COMMENTS = YES;
				CLANG_WARN_EMPTY_BODY = YES;
				CLANG_WARN_ENUM_CONVERSION = YES;
				CLANG_WARN_INFINITE_RECURSION = YES;
				CLANG_WARN_INT_CONVERSION = YES;
				CLANG_WARN_NON_LITERAL_NULL_CONVERSION = YES;
				CLANG_WARN_OBJC_IMPLICIT_RETAIN_SELF = YES;
				CLANG_WARN_OBJC_LITERAL_CONVERSION = YES;
				CLANG_WARN_OBJC_ROOT_CLASS = YES_ERROR;
				CLANG_WARN_QUOTED_INCLUDE_IN_FRAMEWORK_HEADER = YES;
				CLANG_WARN_RANGE_LOOP_ANALYSIS = YES;
				CLANG_WARN_STRICT_PROTOTYPES = YES;
				CLANG_WARN_SUSPICIOUS_MOVE = YES;
				CLANG_WARN_UNGUARDED_AVAILABILITY = YES_AGGRESSIVE;
				CLANG_WARN_UNREACHABLE_CODE = YES;
				CLANG_WARN__DUPLICATE_METHOD_MATCH = YES;
				COPY_PHASE_STRIP = NO;
				DEBUG_INFORMATION_FORMAT = dwarf;
				ENABLE_STRICT_OBJC_MSGSEND = YES;
				ENABLE_TESTABILITY = YES;
				ENABLE_USER_SCRIPT_SANDBOXING = YES;
				GCC_C_LANGUAGE_STANDARD = gnu17;
				GCC_DYNAMIC_NO_PIC = NO;
				GCC_NO_COMMON_BLOCKS = YES;
				GCC_OPTIMIZATION_LEVEL = 0;
				GCC_PREPROCESSOR_DEFINITIONS = (
					"DEBUG=1",
					"$(inherited)",
				);
				GCC_WARN_64_TO_32_BIT_CONVERSION = YES;
				GCC_WARN_ABOUT_RETURN_TYPE = YES_ERROR;
				GCC_WARN_UNDECLARED_SELECTOR = YES;
				GCC_WARN_UNINITIALIZED_AUTOS = YES_AGGRESSIVE;
				GCC_WARN_UNUSED_FUNCTION = YES;
				GCC_WARN_UNUSED_VARIABLE = YES;
				IPHONEOS_DEPLOYMENT_TARGET = 17.2;
				LOCALIZATION_PREFERS_STRING_CATALOGS = YES;
				MTL_ENABLE_DEBUG_INFO = INCLUDE_SOURCE;
				MTL_FAST_MATH = YES;
				ONLY_ACTIVE_ARCH = YES;
				SDKROOT = iphoneos;
				SWIFT_ACTIVE_COMPILATION_CONDITIONS = "DEBUG $(inherited)";
				SWIFT_OPTIMIZATION_LEVEL = "-Onone";
			};
			name = Debug;
		};
		526AA3C62FF3C17B00C0ABCF /* Release */ = {
			isa = XCBuildConfiguration;
			buildSettings = {
				ALWAYS_SEARCH_USER_PATHS = NO;
				ASSETCATALOG_COMPILER_GENERATE_SWIFT_ASSET_SYMBOL_EXTENSIONS = YES;
				CLANG_ANALYZER_NONNULL = YES;
				CLANG_ANALYZER_NUMBER_OBJECT_CONVERSION = YES_AGGRESSIVE;
				CLANG_CXX_LANGUAGE_STANDARD = "gnu++20";
				CLANG_ENABLE_MODULES = YES;
				CLANG_ENABLE_OBJC_ARC = YES;
				CLANG_ENABLE_OBJC_WEAK = YES;
				CLANG_WARN_BLOCK_CAPTURE_AUTORELEASING = YES;
				CLANG_WARN_BOOL_CONVERSION = YES;
				CLANG_WARN_COMMA = YES;
				CLANG_WARN_CONSTANT_CONVERSION = YES;
				CLANG_WARN_DEPRECATED_OBJC_IMPLEMENTATIONS = YES;
				CLANG_WARN_DIRECT_OBJC_ISA_USAGE = YES_ERROR;
				CLANG_WARN_DOCUMENTATION_COMMENTS = YES;
				CLANG_WARN_EMPTY_BODY = YES;
				CLANG_WARN_ENUM_CONVERSION = YES;
				CLANG_WARN_INFINITE_RECURSION = YES;
				CLANG_WARN_INT_CONVERSION = YES;
				CLANG_WARN_NON_LITERAL_NULL_CONVERSION = YES;
				CLANG_WARN_OBJC_IMPLICIT_RETAIN_SELF = YES;
				CLANG_WARN_OBJC_LITERAL_CONVERSION = YES;
				CLANG_WARN_OBJC_ROOT_CLASS = YES_ERROR;
				CLANG_WARN_QUOTED_INCLUDE_IN_FRAMEWORK_HEADER = YES;
				CLANG_WARN_RANGE_LOOP_ANALYSIS = YES;
				CLANG_WARN_STRICT_PROTOTYPES = YES;
				CLANG_WARN_SUSPICIOUS_MOVE = YES;
				CLANG_WARN_UNGUARDED_AVAILABILITY = YES_AGGRESSIVE;
				CLANG_WARN_UNREACHABLE_CODE = YES;
				CLANG_WARN__DUPLICATE_METHOD_MATCH = YES;
				COPY_PHASE_STRIP = NO;
				DEBUG_INFORMATION_FORMAT = "dwarf-with-dsym";
				ENABLE_NS_ASSERTIONS = NO;
				ENABLE_STRICT_OBJC_MSGSEND = YES;
				ENABLE_USER_SCRIPT_SANDBOXING = YES;
				GCC_C_LANGUAGE_STANDARD = gnu17;
				GCC_NO_COMMON_BLOCKS = YES;
				GCC_WARN_64_TO_32_BIT_CONVERSION = YES;
				GCC_WARN_ABOUT_RETURN_TYPE = YES_ERROR;
				GCC_WARN_UNDECLARED_SELECTOR = YES;
				GCC_WARN_UNINITIALIZED_AUTOS = YES_AGGRESSIVE;
				GCC_WARN_UNUSED_FUNCTION = YES;
				GCC_WARN_UNUSED_VARIABLE = YES;
				IPHONEOS_DEPLOYMENT_TARGET = 17.2;
				LOCALIZATION_PREFERS_STRING_CATALOGS = YES;
				MTL_ENABLE_DEBUG_INFO = NO;
				MTL_FAST_MATH = YES;
				SDKROOT = iphoneos;
				SWIFT_COMPILATION_MODE = wholemodule;
				VALIDATE_PRODUCT = YES;
			};
			name = Release;
		};
		526AA3C82FF3C17B00C0ABCF /* Debug */ = {
			isa = XCBuildConfiguration;
			buildSettings = {
				ASSETCATALOG_COMPILER_APPICON_NAME = AppIcon;
				ASSETCATALOG_COMPILER_GLOBAL_ACCENT_COLOR_NAME = AccentColor;
				CODE_SIGN_STYLE = Automatic;
				CURRENT_PROJECT_VERSION = 1;
				DEVELOPMENT_ASSET_PATHS = "\"ExpenseTracker/Preview Content\"";
				ENABLE_PREVIEWS = YES;
				GENERATE_INFOPLIST_FILE = YES;
				INFOPLIST_KEY_UIApplicationSceneManifest_Generation = YES;
				INFOPLIST_KEY_UIApplicationSupportsIndirectInputEvents = YES;
				INFOPLIST_KEY_UILaunchScreen_Generation = YES;
				INFOPLIST_KEY_UISupportedInterfaceOrientations_iPad = "UIInterfaceOrientationPortrait UIInterfaceOrientationPortraitUpsideDown UIInterfaceOrientationLandscapeLeft UIInterfaceOrientationLandscapeRight";
				INFOPLIST_KEY_UISupportedInterfaceOrientations_iPhone = "UIInterfaceOrientationPortrait UIInterfaceOrientationLandscapeLeft UIInterfaceOrientationLandscapeRight";
				LD_RUNPATH_SEARCH_PATHS = (
					"$(inherited)",
					"@executable_path/Frameworks",
				);
				MARKETING_VERSION = 1.0;
				PRODUCT_BUNDLE_IDENTIFIER = badreya.ExpenseTracker;
				PRODUCT_NAME = "$(TARGET_NAME)";
				SWIFT_EMIT_LOC_STRINGS = YES;
				SWIFT_VERSION = 5.0;
				TARGETED_DEVICE_FAMILY = "1,2";
			};
			name = Debug;
		};
		526AA3C92FF3C17B00C0ABCF /* Release */ = {
			isa = XCBuildConfiguration;
			buildSettings = {
				ASSETCATALOG_COMPILER_APPICON_NAME = AppIcon;
				ASSETCATALOG_COMPILER_GLOBAL_ACCENT_COLOR_NAME = AccentColor;
				CODE_SIGN_STYLE = Automatic;
				CURRENT_PROJECT_VERSION = 1;
				DEVELOPMENT_ASSET_PATHS = "\"ExpenseTracker/Preview Content\"";
				ENABLE_PREVIEWS = YES;
				GENERATE_INFOPLIST_FILE = YES;
				INFOPLIST_KEY_UIApplicationSceneManifest_Generation = YES;
				INFOPLIST_KEY_UIApplicationSupportsIndirectInputEvents = YES;
				INFOPLIST_KEY_UILaunchScreen_Generation = YES;
				INFOPLIST_KEY_UISupportedInterfaceOrientations_iPad = "UIInterfaceOrientationPortrait UIInterfaceOrientationPortraitUpsideDown UIInterfaceOrientationLandscapeLeft UIInterfaceOrientationLandscapeRight";
				INFOPLIST_KEY_UISupportedInterfaceOrientations_iPhone = "UIInterfaceOrientationPortrait UIInterfaceOrientationLandscapeLeft UIInterfaceOrientationLandscapeRight";
				LD_RUNPATH_SEARCH_PATHS = (
					"$(inherited)",
					"@executable_path/Frameworks",
				);
				MARKETING_VERSION = 1.0;
				PRODUCT_BUNDLE_IDENTIFIER = badreya.ExpenseTracker;
				PRODUCT_NAME = "$(TARGET_NAME)";
				SWIFT_EMIT_LOC_STRINGS = YES;
				SWIFT_VERSION = 5.0;
				TARGETED_DEVICE_FAMILY = "1,2";
			};
			name = Release;
		};
		526AA3CB2FF3C17B00C0ABCF /* Debug */ = {
			isa = XCBuildConfiguration;
			buildSettings = {
				ALWAYS_EMBED_SWIFT_STANDARD_LIBRARIES = YES;
				BUNDLE_LOADER = "$(TEST_HOST)";
				CODE_SIGN_STYLE = Automatic;
				CURRENT_PROJECT_VERSION = 1;
				GENERATE_INFOPLIST_FILE = YES;
				IPHONEOS_DEPLOYMENT_TARGET = 17.2;
				MARKETING_VERSION = 1.0;
				PRODUCT_BUNDLE_IDENTIFIER = badreya.ExpenseTrackerTests;
				PRODUCT_NAME = "$(TARGET_NAME)";
				SWIFT_EMIT_LOC_STRINGS = NO;
				SWIFT_VERSION = 5.0;
				TARGETED_DEVICE_FAMILY = "1,2";
				TEST_HOST = "$(BUILT_PRODUCTS_DIR)/ExpenseTracker.app/$(BUNDLE_EXECUTABLE_FOLDER_PATH)/ExpenseTracker";
			};
			name = Debug;
		};
		526AA3CC2FF3C17B00C0ABCF /* Release */ = {
			isa = XCBuildConfiguration;
			buildSettings = {
				ALWAYS_EMBED_SWIFT_STANDARD_LIBRARIES = YES;
				BUNDLE_LOADER = "$(TEST_HOST)";
				CODE_SIGN_STYLE = Automatic;
				CURRENT_PROJECT_VERSION = 1;
				GENERATE_INFOPLIST_FILE = YES;
				IPHONEOS_DEPLOYMENT_TARGET = 17.2;
				MARKETING_VERSION = 1.0;
				PRODUCT_BUNDLE_IDENTIFIER = badreya.ExpenseTrackerTests;
				PRODUCT_NAME = "$(TARGET_NAME)";
				SWIFT_EMIT_LOC_STRINGS = NO;
				SWIFT_VERSION = 5.0;
				TARGETED_DEVICE_FAMILY = "1,2";
				TEST_HOST = "$(BUILT_PRODUCTS_DIR)/ExpenseTracker.app/$(BUNDLE_EXECUTABLE_FOLDER_PATH)/ExpenseTracker";
			};
			name = Release;
		};
		526AA3CE2FF3C17B00C0ABCF /* Debug */ = {
			isa = XCBuildConfiguration;
			buildSettings = {
				ALWAYS_EMBED_SWIFT_STANDARD_LIBRARIES = YES;
				CODE_SIGN_STYLE = Automatic;
				CURRENT_PROJECT_VERSION = 1;
				GENERATE_INFOPLIST_FILE = YES;
				MARKETING_VERSION = 1.0;
				PRODUCT_BUNDLE_IDENTIFIER = badreya.ExpenseTrackerUITests;
				PRODUCT_NAME = "$(TARGET_NAME)";
				SWIFT_EMIT_LOC_STRINGS = NO;
				SWIFT_VERSION = 5.0;
				TARGETED_DEVICE_FAMILY = "1,2";
				TEST_TARGET_NAME = ExpenseTracker;
			};
			name = Debug;
		};
		526AA3CF2FF3C17B00C0ABCF /* Release */ = {
			isa = XCBuildConfiguration;
			buildSettings = {
				ALWAYS_EMBED_SWIFT_STANDARD_LIBRARIES = YES;
				CODE_SIGN_STYLE = Automatic;
				CURRENT_PROJECT_VERSION = 1;
				GENERATE_INFOPLIST_FILE = YES;
				MARKETING_VERSION = 1.0;
				PRODUCT_BUNDLE_IDENTIFIER = badreya.ExpenseTrackerUITests;
				PRODUCT_NAME = "$(TARGET_NAME)";
				SWIFT_EMIT_LOC_STRINGS = NO;
				SWIFT_VERSION = 5.0;
				TARGETED_DEVICE_FAMILY = "1,2";
				TEST_TARGET_NAME = ExpenseTracker;
			};
			name = Release;
		};
/* End XCBuildConfiguration section */

/* Begin XCConfigurationList section */
		526AA39E2FF3C17700C0ABCF /* Build configuration list for PBXProject "ExpenseTracker" */ = {
			isa = XCConfigurationList;
			buildConfigurations = (
				526AA3C52FF3C17B00C0ABCF /* Debug */,
				526AA3C62FF3C17B00C0ABCF /* Release */,
			);
			defaultConfigurationIsVisible = 0;
			defaultConfigurationName = Release;
		};
		526AA3C72FF3C17B00C0ABCF /* Build configuration list for PBXNativeTarget "ExpenseTracker" */ = {
			isa = XCConfigurationList;
			buildConfigurations = (
				526AA3C82FF3C17B00C0ABCF /* Debug */,
				526AA3C92FF3C17B00C0ABCF /* Release */,
			);
			defaultConfigurationIsVisible = 0;
			defaultConfigurationName = Release;
		};
		526AA3CA2FF3C17B00C0ABCF /* Build configuration list for PBXNativeTarget "ExpenseTrackerTests" */ = {
			isa = XCConfigurationList;
			buildConfigurations = (
				526AA3CB2FF3C17B00C0ABCF /* Debug */,
				526AA3CC2FF3C17B00C0ABCF /* Release */,
			);
			defaultConfigurationIsVisible = 0;
			defaultConfigurationName = Release;
		};
		526AA3CD2FF3C17B00C0ABCF /* Build configuration list for PBXNativeTarget "ExpenseTrackerUITests" */ = {
			isa = XCConfigurationList;
			buildConfigurations = (
				526AA3CE2FF3C17B00C0ABCF /* Debug */,
				526AA3CF2FF3C17B00C0ABCF /* Release */,
			);
			defaultConfigurationIsVisible = 0;
			defaultConfigurationName = Release;
		};
/* End XCConfigurationList section */
	};
	rootObject = 526AA39B2FF3C17700C0ABCF /* Project object */;
}
